
Microsoft Visual Studio Solution File, Format Version 12.00
# Visual Studio 15
VisualStudioVersion = 15.0.27428.2037
MinimumVisualStudioVersion = 10.0.40219.1
Project("{FAE04EC0-301F-11D3-BF4B-00C04F79EFBC}") = "AutomationTrial", "AutomationTrial\AutomationTrial.csproj", "{99965D67-926A-465D-80A8-F4B6C2703ECF}"
EndProject
Global
	GlobalSection(SolutionConfigurationPlatforms) = preSolution
		Debug|Any CPU = Debug|Any CPU
		Release|Any CPU = Release|Any CPU
	EndGlobalSection
	GlobalSection(ProjectConfigurationPlatforms) = postSolution
		{99965D67-926A-465D-80A8-F4B6C2703ECF}.Debug|Any CPU.ActiveCfg = Debug|Any CPU
		{99965D67-926A-465D-80A8-F4B6C2703ECF}.Debug|Any CPU.Build.0 = Debug|Any CPU
		{99965D67-926A-465D-80A8-F4B6C2703ECF}.Release|Any CPU.ActiveCfg = Release|Any CPU
		{99965D67-926A-465D-80A8-F4B6C2703ECF}.Release|Any CPU.Build.0 = Release|Any CPU
	EndGlobalSection
	GlobalSection(SolutionProperties) = preSolution
		HideSolutionNode = FALSE
	EndGlobalSection
	GlobalSection(ExtensibilityGlobals) = postSolution
		SolutionGuid = {C2BE7AE1-1973-4F8B-A2CA-9D1260EBB6CC}
	EndGlobalSection
EndGlobal
